# THIS IS AN AUTOGENERATED FILE. DO NOT EDIT THIS FILE DIRECTLY.
# yarn lockfile v1


bs-platform@7.0.0:
  version "7.0.0"
  resolved "https://registry.yarnpkg.com/bs-platform/-/bs-platform-7.0.0.tgz#6d1b0dd0d53f16f5b7fb2656ccae58c71ec988dc"
  integrity sha512-3cPwrt/1hGjXuGS2HfVyd6oc6p/YpDOQIoLiFLRgrrB7/bnDNvbJn4XhO1PUyuRL4e7fc24R3xvA08BFDHZ6Gw==
